
Microsoft Visual Studio Solution File, Format Version 12.00
# Visual Studio 15
VisualStudioVersion = 15.0.26430.12
MinimumVisualStudioVersion = 10.0.40219.1
Project("{FAE04EC0-301F-11D3-BF4B-00C04F79EFBC}") = "Brazda", "Brazda\Brazda.csproj", "{008CACD3-D934-438E-B822-D633755642C6}"
EndProject
Project("{2150E333-8FDC-42A3-9474-1A3956D46DE8}") = "Kompost", "Kompost", "{A978AB93-7348-4968-BF58-F3BB5EB647E1}"
	ProjectSection(SolutionItems) = preProject
		structurePosts.json = structurePosts.json
		structureTeam.json = structureTeam.json
	EndProjectSection
EndProject
Global
	GlobalSection(SolutionConfigurationPlatforms) = preSolution
		Debug|Any CPU = Debug|Any CPU
		Release|Any CPU = Release|Any CPU
	EndGlobalSection
	GlobalSection(ProjectConfigurationPlatforms) = postSolution
		{008CACD3-D934-438E-B822-D633755642C6}.Debug|Any CPU.ActiveCfg = Debug|Any CPU
		{008CACD3-D934-438E-B822-D633755642C6}.Debug|Any CPU.Build.0 = Debug|Any CPU
		{008CACD3-D934-438E-B822-D633755642C6}.Release|Any CPU.ActiveCfg = Release|Any CPU
		{008CACD3-D934-438E-B822-D633755642C6}.Release|Any CPU.Build.0 = Release|Any CPU
	EndGlobalSection
	GlobalSection(SolutionProperties) = preSolution
		HideSolutionNode = FALSE
	EndGlobalSection
	GlobalSection(ExtensibilityGlobals) = postSolution
		SolutionGuid = {7700F130-6D2A-46C6-876E-2D8FAA9E0F61}
	EndGlobalSection
EndGlobal
